
Microsoft Visual Studio Solution File, Format Version 12.00
# Visual Studio Version 17
VisualStudioVersion = 17.1.32319.34
MinimumVisualStudioVersion = 10.0.40219.1
Project("{2150E333-8FDC-42A3-9474-1A3956D46DE8}") = "tests", "tests", "{8B971560-E70A-427B-98EF-A65E7C1B67B0}"
EndProject
Project("{9A19103F-16F7-4668-BE54-9A1E7A4F7556}") = "OrderCloud.Catalyst.TestApi", "OrderCloud.Catalyst.TestApi\OrderCloud.Catalyst.TestApi.csproj", "{4EC1404C-7DDD-488E-9977-FEA3B44A6E22}"
EndProject
Project("{2150E333-8FDC-42A3-9474-1A3956D46DE8}") = "libraries", "libraries", "{04D2632E-8BB1-449B-9E2F-751295F5C2EF}"
EndProject
Project("{9A19103F-16F7-4668-BE54-9A1E7A4F7556}") = "OrderCloud.Catalyst.Tests", "OrderCloud.Catalyst.Tests\OrderCloud.Catalyst.Tests.csproj", "{BE648C2F-33BD-4C6E-AD1E-87FE9DCBB7CB}"
EndProject
Project("{9A19103F-16F7-4668-BE54-9A1E7A4F7556}") = "OrderCloud.Catalyst", "OrderCloud.Catalyst\OrderCloud.Catalyst.csproj", "{6FF92BF8-491D-4F7F-8104-440387572E3C}"
EndProject
Project("{9A19103F-16F7-4668-BE54-9A1E7A4F7556}") = "OrderCloud.Integrations.Tax.Avalara", "OrderCloud.Integrations.Tax.Avalara\OrderCloud.Integrations.Tax.Avalara.csproj", "{4F5B79DC-8C4F-4EE1-BCE3-2C7887584ABD}"
EndProject
Project("{9A19103F-16F7-4668-BE54-9A1E7A4F7556}") = "OrderCloud.Integrations.Tax.Vertex", "OrderCloud.Integrations.Tax.Vertex\OrderCloud.Integrations.Tax.Vertex.csproj", "{85191118-5B5C-4BCE-BB27-CF6FF3760BAD}"
EndProject
Project("{9A19103F-16F7-4668-BE54-9A1E7A4F7556}") = "OrderCloud.Integrations.Tax.TaxJar", "OrderCloud.Integrations.Tax.TaxJar\OrderCloud.Integrations.Tax.TaxJar.csproj", "{CFA2757C-D155-4225-85FD-ED2AD3DB3E0C}"
EndProject
Project("{9A19103F-16F7-4668-BE54-9A1E7A4F7556}") = "OrderCloud.Integrations.Shipping.UPS", "OrderCloud.Integrations.Shipping.UPS\OrderCloud.Integrations.Shipping.UPS.csproj", "{636F46DB-6475-4C41-B5CB-8DCF77615096}"
EndProject
Project("{9A19103F-16F7-4668-BE54-9A1E7A4F7556}") = "OrderCloud.Integrations.Shipping.EasyPost", "OrderCloud.Integrations.Shipping.EasyPost\OrderCloud.Integrations.Shipping.EasyPost.csproj", "{EE03A8ED-B316-47E4-B89E-DC3C9019D16E}"
EndProject
Project("{9A19103F-16F7-4668-BE54-9A1E7A4F7556}") = "OrderCloud.Integrations.Shipping.Fedex", "OrderCloud.Integrations.Shipping.Fedex\OrderCloud.Integrations.Shipping.Fedex.csproj", "{C32A3102-2CEB-4042-8F37-3EA4D66D743F}"
EndProject
Project("{9A19103F-16F7-4668-BE54-9A1E7A4F7556}") = "OrderCloud.Integrations.Payment.Stripe", "OrderCloud.Integrations.Payment.Stripe\OrderCloud.Integrations.Payment.Stripe.csproj", "{483181A7-7879-4D03-B5F3-69C5A8F40A1D}"
EndProject
Project("{9A19103F-16F7-4668-BE54-9A1E7A4F7556}") = "OrderCloud.Integrations.Payment.BlueSnap", "OrderCloud.Integrations.Payment.BlueSnap\OrderCloud.Integrations.Payment.BlueSnap.csproj", "{72AFA9D4-4767-4BA7-A467-91A4743FA5EE}"
EndProject
Project("{9A19103F-16F7-4668-BE54-9A1E7A4F7556}") = "OrderCloud.Integrations.Payment.CardConnect", "OrderCloud.Integrations.Payment.CardConnect\OrderCloud.Integrations.Payment.CardConnect.csproj", "{C0035558-8279-463E-B10F-9881079592E7}"
EndProject
Project("{2150E333-8FDC-42A3-9474-1A3956D46DE8}") = "Payment", "Payment", "{E2F1AEC1-72C7-485C-A908-B8592FA44790}"
EndProject
Project("{2150E333-8FDC-42A3-9474-1A3956D46DE8}") = "Shipping", "Shipping", "{87769B4E-67FE-4157-9EF4-0C83F8604D19}"
EndProject
Project("{2150E333-8FDC-42A3-9474-1A3956D46DE8}") = "Tax", "Tax", "{4138CC7E-F75D-4696-A40B-76496CDC22D4}"
EndProject
Project("{2150E333-8FDC-42A3-9474-1A3956D46DE8}") = "Messaging", "Messaging", "{CDE5C68C-1A0F-4AF5-9D84-67CC3DCDE6CD}"
EndProject
Project("{9A19103F-16F7-4668-BE54-9A1E7A4F7556}") = "OrderCloud.Integrations.Messaging.SendGrid", "OrderCloud.Integrations.Email.SendGrid\OrderCloud.Integrations.Messaging.SendGrid.csproj", "{99B022A9-08EB-4472-8255-F68717A6232F}"
EndProject
Project("{9A19103F-16F7-4668-BE54-9A1E7A4F7556}") = "OrderCloud.Integrations.Messaging.MailChimp", "OrderCloud.Integrations.Email.MailChipTransactional\OrderCloud.Integrations.Messaging.MailChimp.csproj", "{E5353313-3AC0-4E82-9750-E9782EFAA3B8}"
EndProject
Project("{9A19103F-16F7-4668-BE54-9A1E7A4F7556}") = "OrderCloud.Integrations.Messaging.SendInBlue", "OrderCloud.Integrations.Email.Sendinblue\OrderCloud.Integrations.Messaging.SendInBlue.csproj", "{B82FF5A4-40B7-466F-A9D7-E2EE240AD800}"
EndProject
Global
	GlobalSection(SolutionConfigurationPlatforms) = preSolution
		Debug|Any CPU = Debug|Any CPU
		Release|Any CPU = Release|Any CPU
	EndGlobalSection
	GlobalSection(ProjectConfigurationPlatforms) = postSolution
		{4EC1404C-7DDD-488E-9977-FEA3B44A6E22}.Debug|Any CPU.ActiveCfg = Debug|Any CPU
		{4EC1404C-7DDD-488E-9977-FEA3B44A6E22}.Debug|Any CPU.Build.0 = Debug|Any CPU
		{4EC1404C-7DDD-488E-9977-FEA3B44A6E22}.Release|Any CPU.ActiveCfg = Release|Any CPU
		{4EC1404C-7DDD-488E-9977-FEA3B44A6E22}.Release|Any CPU.Build.0 = Release|Any CPU
		{BE648C2F-33BD-4C6E-AD1E-87FE9DCBB7CB}.Debug|Any CPU.ActiveCfg = Debug|Any CPU
		{BE648C2F-33BD-4C6E-AD1E-87FE9DCBB7CB}.Debug|Any CPU.Build.0 = Debug|Any CPU
		{BE648C2F-33BD-4C6E-AD1E-87FE9DCBB7CB}.Release|Any CPU.ActiveCfg = Release|Any CPU
		{BE648C2F-33BD-4C6E-AD1E-87FE9DCBB7CB}.Release|Any CPU.Build.0 = Release|Any CPU
		{6FF92BF8-491D-4F7F-8104-440387572E3C}.Debug|Any CPU.ActiveCfg = Debug|Any CPU
		{6FF92BF8-491D-4F7F-8104-440387572E3C}.Debug|Any CPU.Build.0 = Debug|Any CPU
		{6FF92BF8-491D-4F7F-8104-440387572E3C}.Release|Any CPU.ActiveCfg = Release|Any CPU
		{6FF92BF8-491D-4F7F-8104-440387572E3C}.Release|Any CPU.Build.0 = Release|Any CPU
		{4F5B79DC-8C4F-4EE1-BCE3-2C7887584ABD}.Debug|Any CPU.ActiveCfg = Debug|Any CPU
		{4F5B79DC-8C4F-4EE1-BCE3-2C7887584ABD}.Debug|Any CPU.Build.0 = Debug|Any CPU
		{4F5B79DC-8C4F-4EE1-BCE3-2C7887584ABD}.Release|Any CPU.ActiveCfg = Release|Any CPU
		{4F5B79DC-8C4F-4EE1-BCE3-2C7887584ABD}.Release|Any CPU.Build.0 = Release|Any CPU
		{85191118-5B5C-4BCE-BB27-CF6FF3760BAD}.Debug|Any CPU.ActiveCfg = Debug|Any CPU
		{85191118-5B5C-4BCE-BB27-CF6FF3760BAD}.Debug|Any CPU.Build.0 = Debug|Any CPU
		{85191118-5B5C-4BCE-BB27-CF6FF3760BAD}.Release|Any CPU.ActiveCfg = Release|Any CPU
		{85191118-5B5C-4BCE-BB27-CF6FF3760BAD}.Release|Any CPU.Build.0 = Release|Any CPU
		{CFA2757C-D155-4225-85FD-ED2AD3DB3E0C}.Debug|Any CPU.ActiveCfg = Debug|Any CPU
		{CFA2757C-D155-4225-85FD-ED2AD3DB3E0C}.Debug|Any CPU.Build.0 = Debug|Any CPU
		{CFA2757C-D155-4225-85FD-ED2AD3DB3E0C}.Release|Any CPU.ActiveCfg = Release|Any CPU
		{CFA2757C-D155-4225-85FD-ED2AD3DB3E0C}.Release|Any CPU.Build.0 = Release|Any CPU
		{636F46DB-6475-4C41-B5CB-8DCF77615096}.Debug|Any CPU.ActiveCfg = Debug|Any CPU
		{636F46DB-6475-4C41-B5CB-8DCF77615096}.Debug|Any CPU.Build.0 = Debug|Any CPU
		{636F46DB-6475-4C41-B5CB-8DCF77615096}.Release|Any CPU.ActiveCfg = Release|Any CPU
		{636F46DB-6475-4C41-B5CB-8DCF77615096}.Release|Any CPU.Build.0 = Release|Any CPU
		{EE03A8ED-B316-47E4-B89E-DC3C9019D16E}.Debug|Any CPU.ActiveCfg = Debug|Any CPU
		{EE03A8ED-B316-47E4-B89E-DC3C9019D16E}.Debug|Any CPU.Build.0 = Debug|Any CPU
		{EE03A8ED-B316-47E4-B89E-DC3C9019D16E}.Release|Any CPU.ActiveCfg = Release|Any CPU
		{EE03A8ED-B316-47E4-B89E-DC3C9019D16E}.Release|Any CPU.Build.0 = Release|Any CPU
		{C32A3102-2CEB-4042-8F37-3EA4D66D743F}.Debug|Any CPU.ActiveCfg = Debug|Any CPU
		{C32A3102-2CEB-4042-8F37-3EA4D66D743F}.Debug|Any CPU.Build.0 = Debug|Any CPU
		{C32A3102-2CEB-4042-8F37-3EA4D66D743F}.Release|Any CPU.ActiveCfg = Release|Any CPU
		{C32A3102-2CEB-4042-8F37-3EA4D66D743F}.Release|Any CPU.Build.0 = Release|Any CPU
		{483181A7-7879-4D03-B5F3-69C5A8F40A1D}.Debug|Any CPU.ActiveCfg = Debug|Any CPU
		{483181A7-7879-4D03-B5F3-69C5A8F40A1D}.Debug|Any CPU.Build.0 = Debug|Any CPU
		{483181A7-7879-4D03-B5F3-69C5A8F40A1D}.Release|Any CPU.ActiveCfg = Release|Any CPU
		{483181A7-7879-4D03-B5F3-69C5A8F40A1D}.Release|Any CPU.Build.0 = Release|Any CPU
		{72AFA9D4-4767-4BA7-A467-91A4743FA5EE}.Debug|Any CPU.ActiveCfg = Debug|Any CPU
		{72AFA9D4-4767-4BA7-A467-91A4743FA5EE}.Debug|Any CPU.Build.0 = Debug|Any CPU
		{72AFA9D4-4767-4BA7-A467-91A4743FA5EE}.Release|Any CPU.ActiveCfg = Release|Any CPU
		{72AFA9D4-4767-4BA7-A467-91A4743FA5EE}.Release|Any CPU.Build.0 = Release|Any CPU
		{C0035558-8279-463E-B10F-9881079592E7}.Debug|Any CPU.ActiveCfg = Debug|Any CPU
		{C0035558-8279-463E-B10F-9881079592E7}.Debug|Any CPU.Build.0 = Debug|Any CPU
		{C0035558-8279-463E-B10F-9881079592E7}.Release|Any CPU.ActiveCfg = Release|Any CPU
		{C0035558-8279-463E-B10F-9881079592E7}.Release|Any CPU.Build.0 = Release|Any CPU
		{99B022A9-08EB-4472-8255-F68717A6232F}.Debug|Any CPU.ActiveCfg = Debug|Any CPU
		{99B022A9-08EB-4472-8255-F68717A6232F}.Debug|Any CPU.Build.0 = Debug|Any CPU
		{99B022A9-08EB-4472-8255-F68717A6232F}.Release|Any CPU.ActiveCfg = Release|Any CPU
		{99B022A9-08EB-4472-8255-F68717A6232F}.Release|Any CPU.Build.0 = Release|Any CPU
		{E5353313-3AC0-4E82-9750-E9782EFAA3B8}.Debug|Any CPU.ActiveCfg = Debug|Any CPU
		{E5353313-3AC0-4E82-9750-E9782EFAA3B8}.Debug|Any CPU.Build.0 = Debug|Any CPU
		{E5353313-3AC0-4E82-9750-E9782EFAA3B8}.Release|Any CPU.ActiveCfg = Release|Any CPU
		{E5353313-3AC0-4E82-9750-E9782EFAA3B8}.Release|Any CPU.Build.0 = Release|Any CPU
		{B82FF5A4-40B7-466F-A9D7-E2EE240AD800}.Debug|Any CPU.ActiveCfg = Debug|Any CPU
		{B82FF5A4-40B7-466F-A9D7-E2EE240AD800}.Debug|Any CPU.Build.0 = Debug|Any CPU
		{B82FF5A4-40B7-466F-A9D7-E2EE240AD800}.Release|Any CPU.ActiveCfg = Release|Any CPU
		{B82FF5A4-40B7-466F-A9D7-E2EE240AD800}.Release|Any CPU.Build.0 = Release|Any CPU
	EndGlobalSection
	GlobalSection(SolutionProperties) = preSolution
		HideSolutionNode = FALSE
	EndGlobalSection
	GlobalSection(NestedProjects) = preSolution
		{4EC1404C-7DDD-488E-9977-FEA3B44A6E22} = {8B971560-E70A-427B-98EF-A65E7C1B67B0}
		{BE648C2F-33BD-4C6E-AD1E-87FE9DCBB7CB} = {8B971560-E70A-427B-98EF-A65E7C1B67B0}
		{6FF92BF8-491D-4F7F-8104-440387572E3C} = {04D2632E-8BB1-449B-9E2F-751295F5C2EF}
		{4F5B79DC-8C4F-4EE1-BCE3-2C7887584ABD} = {4138CC7E-F75D-4696-A40B-76496CDC22D4}
		{85191118-5B5C-4BCE-BB27-CF6FF3760BAD} = {4138CC7E-F75D-4696-A40B-76496CDC22D4}
		{CFA2757C-D155-4225-85FD-ED2AD3DB3E0C} = {4138CC7E-F75D-4696-A40B-76496CDC22D4}
		{636F46DB-6475-4C41-B5CB-8DCF77615096} = {87769B4E-67FE-4157-9EF4-0C83F8604D19}
		{EE03A8ED-B316-47E4-B89E-DC3C9019D16E} = {87769B4E-67FE-4157-9EF4-0C83F8604D19}
		{C32A3102-2CEB-4042-8F37-3EA4D66D743F} = {87769B4E-67FE-4157-9EF4-0C83F8604D19}
		{483181A7-7879-4D03-B5F3-69C5A8F40A1D} = {E2F1AEC1-72C7-485C-A908-B8592FA44790}
		{72AFA9D4-4767-4BA7-A467-91A4743FA5EE} = {E2F1AEC1-72C7-485C-A908-B8592FA44790}
		{C0035558-8279-463E-B10F-9881079592E7} = {E2F1AEC1-72C7-485C-A908-B8592FA44790}
		{E2F1AEC1-72C7-485C-A908-B8592FA44790} = {04D2632E-8BB1-449B-9E2F-751295F5C2EF}
		{87769B4E-67FE-4157-9EF4-0C83F8604D19} = {04D2632E-8BB1-449B-9E2F-751295F5C2EF}
		{4138CC7E-F75D-4696-A40B-76496CDC22D4} = {04D2632E-8BB1-449B-9E2F-751295F5C2EF}
		{CDE5C68C-1A0F-4AF5-9D84-67CC3DCDE6CD} = {04D2632E-8BB1-449B-9E2F-751295F5C2EF}
		{99B022A9-08EB-4472-8255-F68717A6232F} = {CDE5C68C-1A0F-4AF5-9D84-67CC3DCDE6CD}
		{E5353313-3AC0-4E82-9750-E9782EFAA3B8} = {CDE5C68C-1A0F-4AF5-9D84-67CC3DCDE6CD}
		{B82FF5A4-40B7-466F-A9D7-E2EE240AD800} = {CDE5C68C-1A0F-4AF5-9D84-67CC3DCDE6CD}
	EndGlobalSection
	GlobalSection(ExtensibilityGlobals) = postSolution
		SolutionGuid = {A5996C63-5092-41D0-9499-2B3B330BA82E}
	EndGlobalSection
EndGlobal
