
Microsoft Visual Studio Solution File, Format Version 12.00
# Visual Studio Version 17
VisualStudioVersion = 17.1.32319.34
MinimumVisualStudioVersion = 10.0.40219.1
Project("{2150E333-8FDC-42A3-9474-1A3956D46DE8}") = "tests", "tests", "{8B971560-E70A-427B-98EF-A65E7C1B67B0}"
EndProject
Project("{9A19103F-16F7-4668-BE54-9A1E7A4F7556}") = "OrderCloud.Catalyst.TestApi", "OrderCloud.Catalyst.TestApi\OrderCloud.Catalyst.TestApi.csproj", "{4EC1404C-7DDD-488E-9977-FEA3B44A6E22}"
EndProject
Project("{2150E333-8FDC-42A3-9474-1A3956D46DE8}") = "libraries", "libraries", "{04D2632E-8BB1-449B-9E2F-751295F5C2EF}"
EndProject
Project("{9A19103F-16F7-4668-BE54-9A1E7A4F7556}") = "OrderCloud.Catalyst.Tests", "OrderCloud.Catalyst.Tests\OrderCloud.Catalyst.Tests.csproj", "{BE648C2F-33BD-4C6E-AD1E-87FE9DCBB7CB}"
EndProject
Project("{9A19103F-16F7-4668-BE54-9A1E7A4F7556}") = "OrderCloud.Catalyst", "OrderCloud.Catalyst\OrderCloud.Catalyst.csproj", "{6FF92BF8-491D-4F7F-8104-440387572E3C}"
EndProject
Project("{9A19103F-16F7-4668-BE54-9A1E7A4F7556}") = "OrderCloud.Integrations.Tax.Avalara", "OrderCloud.Integrations.Tax.Avalara\OrderCloud.Integrations.Tax.Avalara.csproj", "{4F5B79DC-8C4F-4EE1-BCE3-2C7887584ABD}"
EndProject
Project("{9A19103F-16F7-4668-BE54-9A1E7A4F7556}") = "OrderCloud.Integrations.Tax.Vertex", "OrderCloud.Integrations.Tax.Vertex\OrderCloud.Integrations.Tax.Vertex.csproj", "{85191118-5B5C-4BCE-BB27-CF6FF3760BAD}"
EndProject
Project("{9A19103F-16F7-4668-BE54-9A1E7A4F7556}") = "OrderCloud.Integrations.Tax.TaxJar", "OrderCloud.Integrations.Tax.TaxJar\OrderCloud.Integrations.Tax.TaxJar.csproj", "{CFA2757C-D155-4225-85FD-ED2AD3DB3E0C}"
EndProject
Project("{9A19103F-16F7-4668-BE54-9A1E7A4F7556}") = "OrderCloud.Integrations.Shipping.UPS", "OrderCloud.Integrations.Shipping.UPS\OrderCloud.Integrations.Shipping.UPS.csproj", "{636F46DB-6475-4C41-B5CB-8DCF77615096}"
EndProject
Project("{9A19103F-16F7-4668-BE54-9A1E7A4F7556}") = "OrderCloud.Integrations.Shipping.EasyPost", "OrderCloud.Integrations.Shipping.EasyPost\OrderCloud.Integrations.Shipping.EasyPost.csproj", "{EE03A8ED-B316-47E4-B89E-DC3C9019D16E}"
EndProject
Project("{9A19103F-16F7-4668-BE54-9A1E7A4F7556}") = "OrderCloud.Integrations.Shipping.Fedex", "OrderCloud.Integrations.Shipping.Fedex\OrderCloud.Integrations.Shipping.Fedex.csproj", "{C32A3102-2CEB-4042-8F37-3EA4D66D743F}"
EndProject
Project("{FAE04EC0-301F-11D3-BF4B-00C04F79EFBC}") = "OrderCloud.Integrations.Payment.BlueSnap", "OrderCloud.Integrations.Payment.BlueSnap\OrderCloud.Integrations.Payment.BlueSnap.csproj", "{72AFA9D4-4767-4BA7-A467-91A4743FA5EE}"
Project("{FAE04EC0-301F-11D3-BF4B-00C04F79EFBC}") = "OrderCloud.Integrations.Payment.CardConnect", "OrderCloud.Integrations.Payment.CardConnect\OrderCloud.Integrations.Payment.CardConnect.csproj", "{C0035558-8279-463E-B10F-9881079592E7}"
EndProject
Global
	GlobalSection(SolutionConfigurationPlatforms) = preSolution
		Debug|Any CPU = Debug|Any CPU
		Release|Any CPU = Release|Any CPU
	EndGlobalSection
	GlobalSection(ProjectConfigurationPlatforms) = postSolution
		{4EC1404C-7DDD-488E-9977-FEA3B44A6E22}.Debug|Any CPU.ActiveCfg = Debug|Any CPU
		{4EC1404C-7DDD-488E-9977-FEA3B44A6E22}.Debug|Any CPU.Build.0 = Debug|Any CPU
		{4EC1404C-7DDD-488E-9977-FEA3B44A6E22}.Release|Any CPU.ActiveCfg = Release|Any CPU
		{4EC1404C-7DDD-488E-9977-FEA3B44A6E22}.Release|Any CPU.Build.0 = Release|Any CPU
		{BE648C2F-33BD-4C6E-AD1E-87FE9DCBB7CB}.Debug|Any CPU.ActiveCfg = Debug|Any CPU
		{BE648C2F-33BD-4C6E-AD1E-87FE9DCBB7CB}.Debug|Any CPU.Build.0 = Debug|Any CPU
		{BE648C2F-33BD-4C6E-AD1E-87FE9DCBB7CB}.Release|Any CPU.ActiveCfg = Release|Any CPU
		{BE648C2F-33BD-4C6E-AD1E-87FE9DCBB7CB}.Release|Any CPU.Build.0 = Release|Any CPU
		{6FF92BF8-491D-4F7F-8104-440387572E3C}.Debug|Any CPU.ActiveCfg = Debug|Any CPU
		{6FF92BF8-491D-4F7F-8104-440387572E3C}.Debug|Any CPU.Build.0 = Debug|Any CPU
		{6FF92BF8-491D-4F7F-8104-440387572E3C}.Release|Any CPU.ActiveCfg = Release|Any CPU
		{6FF92BF8-491D-4F7F-8104-440387572E3C}.Release|Any CPU.Build.0 = Release|Any CPU
		{4F5B79DC-8C4F-4EE1-BCE3-2C7887584ABD}.Debug|Any CPU.ActiveCfg = Debug|Any CPU
		{4F5B79DC-8C4F-4EE1-BCE3-2C7887584ABD}.Debug|Any CPU.Build.0 = Debug|Any CPU
		{4F5B79DC-8C4F-4EE1-BCE3-2C7887584ABD}.Release|Any CPU.ActiveCfg = Release|Any CPU
		{4F5B79DC-8C4F-4EE1-BCE3-2C7887584ABD}.Release|Any CPU.Build.0 = Release|Any CPU
		{85191118-5B5C-4BCE-BB27-CF6FF3760BAD}.Debug|Any CPU.ActiveCfg = Debug|Any CPU
		{85191118-5B5C-4BCE-BB27-CF6FF3760BAD}.Debug|Any CPU.Build.0 = Debug|Any CPU
		{85191118-5B5C-4BCE-BB27-CF6FF3760BAD}.Release|Any CPU.ActiveCfg = Release|Any CPU
		{85191118-5B5C-4BCE-BB27-CF6FF3760BAD}.Release|Any CPU.Build.0 = Release|Any CPU
		{CFA2757C-D155-4225-85FD-ED2AD3DB3E0C}.Debug|Any CPU.ActiveCfg = Debug|Any CPU
		{CFA2757C-D155-4225-85FD-ED2AD3DB3E0C}.Debug|Any CPU.Build.0 = Debug|Any CPU
		{CFA2757C-D155-4225-85FD-ED2AD3DB3E0C}.Release|Any CPU.ActiveCfg = Release|Any CPU
		{CFA2757C-D155-4225-85FD-ED2AD3DB3E0C}.Release|Any CPU.Build.0 = Release|Any CPU
		{636F46DB-6475-4C41-B5CB-8DCF77615096}.Debug|Any CPU.ActiveCfg = Debug|Any CPU
		{636F46DB-6475-4C41-B5CB-8DCF77615096}.Debug|Any CPU.Build.0 = Debug|Any CPU
		{636F46DB-6475-4C41-B5CB-8DCF77615096}.Release|Any CPU.ActiveCfg = Release|Any CPU
		{636F46DB-6475-4C41-B5CB-8DCF77615096}.Release|Any CPU.Build.0 = Release|Any CPU
		{EE03A8ED-B316-47E4-B89E-DC3C9019D16E}.Debug|Any CPU.ActiveCfg = Debug|Any CPU
		{EE03A8ED-B316-47E4-B89E-DC3C9019D16E}.Debug|Any CPU.Build.0 = Debug|Any CPU
		{EE03A8ED-B316-47E4-B89E-DC3C9019D16E}.Release|Any CPU.ActiveCfg = Release|Any CPU
		{EE03A8ED-B316-47E4-B89E-DC3C9019D16E}.Release|Any CPU.Build.0 = Release|Any CPU
		{C32A3102-2CEB-4042-8F37-3EA4D66D743F}.Debug|Any CPU.ActiveCfg = Debug|Any CPU
		{C32A3102-2CEB-4042-8F37-3EA4D66D743F}.Debug|Any CPU.Build.0 = Debug|Any CPU
		{C32A3102-2CEB-4042-8F37-3EA4D66D743F}.Release|Any CPU.ActiveCfg = Release|Any CPU
		{C32A3102-2CEB-4042-8F37-3EA4D66D743F}.Release|Any CPU.Build.0 = Release|Any CPU
		{72AFA9D4-4767-4BA7-A467-91A4743FA5EE}.Debug|Any CPU.ActiveCfg = Debug|Any CPU
		{72AFA9D4-4767-4BA7-A467-91A4743FA5EE}.Debug|Any CPU.Build.0 = Debug|Any CPU
		{72AFA9D4-4767-4BA7-A467-91A4743FA5EE}.Release|Any CPU.ActiveCfg = Release|Any CPU
		{72AFA9D4-4767-4BA7-A467-91A4743FA5EE}.Release|Any CPU.Build.0 = Release|Any CPU
		{C0035558-8279-463E-B10F-9881079592E7}.Debug|Any CPU.ActiveCfg = Debug|Any CPU
		{C0035558-8279-463E-B10F-9881079592E7}.Debug|Any CPU.Build.0 = Debug|Any CPU
		{C0035558-8279-463E-B10F-9881079592E7}.Release|Any CPU.ActiveCfg = Release|Any CPU
		{C0035558-8279-463E-B10F-9881079592E7}.Release|Any CPU.Build.0 = Release|Any CPU
	EndGlobalSection
	GlobalSection(SolutionProperties) = preSolution
		HideSolutionNode = FALSE
	EndGlobalSection
	GlobalSection(NestedProjects) = preSolution
		{4EC1404C-7DDD-488E-9977-FEA3B44A6E22} = {8B971560-E70A-427B-98EF-A65E7C1B67B0}
		{BE648C2F-33BD-4C6E-AD1E-87FE9DCBB7CB} = {8B971560-E70A-427B-98EF-A65E7C1B67B0}
		{6FF92BF8-491D-4F7F-8104-440387572E3C} = {04D2632E-8BB1-449B-9E2F-751295F5C2EF}
		{4F5B79DC-8C4F-4EE1-BCE3-2C7887584ABD} = {04D2632E-8BB1-449B-9E2F-751295F5C2EF}
		{85191118-5B5C-4BCE-BB27-CF6FF3760BAD} = {04D2632E-8BB1-449B-9E2F-751295F5C2EF}
		{CFA2757C-D155-4225-85FD-ED2AD3DB3E0C} = {04D2632E-8BB1-449B-9E2F-751295F5C2EF}
		{636F46DB-6475-4C41-B5CB-8DCF77615096} = {04D2632E-8BB1-449B-9E2F-751295F5C2EF}
		{EE03A8ED-B316-47E4-B89E-DC3C9019D16E} = {04D2632E-8BB1-449B-9E2F-751295F5C2EF}
		{C32A3102-2CEB-4042-8F37-3EA4D66D743F} = {04D2632E-8BB1-449B-9E2F-751295F5C2EF}
		{72AFA9D4-4767-4BA7-A467-91A4743FA5EE} = {04D2632E-8BB1-449B-9E2F-751295F5C2EF}
		{C0035558-8279-463E-B10F-9881079592E7} = {04D2632E-8BB1-449B-9E2F-751295F5C2EF}
	EndGlobalSection
	GlobalSection(ExtensibilityGlobals) = postSolution
		SolutionGuid = {A5996C63-5092-41D0-9499-2B3B330BA82E}
	EndGlobalSection
EndGlobal
