
Microsoft Visual Studio Solution File, Format Version 12.00
# Visual Studio Version 16
VisualStudioVersion = 16.0.30907.101
MinimumVisualStudioVersion = 10.0.40219.1
Project("{2150E333-8FDC-42A3-9474-1A3956D46DE8}") = "tests", "tests", "{8B971560-E70A-427B-98EF-A65E7C1B67B0}"
EndProject
Project("{9A19103F-16F7-4668-BE54-9A1E7A4F7556}") = "OrderCloud.Catalyst.TestApi", "tests\OrderCloud.Catalyst.TestApi\OrderCloud.Catalyst.TestApi.csproj", "{4EC1404C-7DDD-488E-9977-FEA3B44A6E22}"
EndProject
Project("{2150E333-8FDC-42A3-9474-1A3956D46DE8}") = "library", "library", "{04D2632E-8BB1-449B-9E2F-751295F5C2EF}"
EndProject
Project("{9A19103F-16F7-4668-BE54-9A1E7A4F7556}") = "OrderCloud.Catalyst.Tests", "tests\OrderCloud.Catalyst.Tests\OrderCloud.Catalyst.Tests.csproj", "{BE648C2F-33BD-4C6E-AD1E-87FE9DCBB7CB}"
EndProject
Project("{FAE04EC0-301F-11D3-BF4B-00C04F79EFBC}") = "OrderCloud.Catalyst", "library\OrderCloud.Catalyst\OrderCloud.Catalyst.csproj", "{6FF92BF8-491D-4F7F-8104-440387572E3C}"
EndProject
Global
	GlobalSection(SolutionConfigurationPlatforms) = preSolution
		Debug|Any CPU = Debug|Any CPU
		Release|Any CPU = Release|Any CPU
	EndGlobalSection
	GlobalSection(ProjectConfigurationPlatforms) = postSolution
		{4EC1404C-7DDD-488E-9977-FEA3B44A6E22}.Debug|Any CPU.ActiveCfg = Debug|Any CPU
		{4EC1404C-7DDD-488E-9977-FEA3B44A6E22}.Debug|Any CPU.Build.0 = Debug|Any CPU
		{4EC1404C-7DDD-488E-9977-FEA3B44A6E22}.Release|Any CPU.ActiveCfg = Release|Any CPU
		{4EC1404C-7DDD-488E-9977-FEA3B44A6E22}.Release|Any CPU.Build.0 = Release|Any CPU
		{BE648C2F-33BD-4C6E-AD1E-87FE9DCBB7CB}.Debug|Any CPU.ActiveCfg = Debug|Any CPU
		{BE648C2F-33BD-4C6E-AD1E-87FE9DCBB7CB}.Debug|Any CPU.Build.0 = Debug|Any CPU
		{BE648C2F-33BD-4C6E-AD1E-87FE9DCBB7CB}.Release|Any CPU.ActiveCfg = Release|Any CPU
		{BE648C2F-33BD-4C6E-AD1E-87FE9DCBB7CB}.Release|Any CPU.Build.0 = Release|Any CPU
		{6FF92BF8-491D-4F7F-8104-440387572E3C}.Debug|Any CPU.ActiveCfg = Debug|Any CPU
		{6FF92BF8-491D-4F7F-8104-440387572E3C}.Debug|Any CPU.Build.0 = Debug|Any CPU
		{6FF92BF8-491D-4F7F-8104-440387572E3C}.Release|Any CPU.ActiveCfg = Release|Any CPU
		{6FF92BF8-491D-4F7F-8104-440387572E3C}.Release|Any CPU.Build.0 = Release|Any CPU
	EndGlobalSection
	GlobalSection(SolutionProperties) = preSolution
		HideSolutionNode = FALSE
	EndGlobalSection
	GlobalSection(NestedProjects) = preSolution
		{4EC1404C-7DDD-488E-9977-FEA3B44A6E22} = {8B971560-E70A-427B-98EF-A65E7C1B67B0}
		{BE648C2F-33BD-4C6E-AD1E-87FE9DCBB7CB} = {8B971560-E70A-427B-98EF-A65E7C1B67B0}
		{6FF92BF8-491D-4F7F-8104-440387572E3C} = {04D2632E-8BB1-449B-9E2F-751295F5C2EF}
	EndGlobalSection
	GlobalSection(ExtensibilityGlobals) = postSolution
		SolutionGuid = {A5996C63-5092-41D0-9499-2B3B330BA82E}
	EndGlobalSection
EndGlobal
